{
  "name": "functions",
  "version": "1.0.0",
  "lockfileVersion": 3,
  "requires": true,
  "packages": {
    "": {
      "name": "functions",
      "version": "1.0.0",
      "license": "MIT",
      "dependencies": {
        "lowdb": "^6.1.1"
      }
    },
    "node_modules/lowdb": {
      "version": "6.1.1",
      "resolved": "https://registry.npmjs.org/lowdb/-/lowdb-6.1.1.tgz",
      "integrity": "sha512-HO13FCxI8SCwfj2JRXOKgXggxnmfSc+l0aJsZ5I34X3pwzG/DPBSKyKu3Zkgg/pNmx854SVgE2la0oUeh6wzNw==",
      "license": "MIT",
      "dependencies": {
        "steno": "^3.1.1"
      },
      "engines": {
        "node": ">=16"
      },
      "funding": {
        "url": "https://github.com/sponsors/typicode"
      }
    },
    "node_modules/steno": {
      "version": "3.2.0",
      "resolved": "https://registry.npmjs.org/steno/-/steno-3.2.0.tgz",
      "integrity": "sha512-zPKkv+LqoYffxrtD0GIVA08DvF6v1dW02qpP5XnERoobq9g3MKcTSBTi08gbGNFMNRo3TQV/6kBw811T1LUhKg==",
      "license": "MIT",
      "engines": {
        "node": ">=16"
      },
      "funding": {
        "url": "https://github.com/sponsors/typicode"
      }
    }
  }
}
